{
  "requires": true,
  "lockfileVersion": 1,
  "dependencies": {
    "react-google-oauth2": {
      "version": "0.1.2",
      "resolved": "https://registry.npmjs.org/react-google-oauth2/-/react-google-oauth2-0.1.2.tgz",
      "integrity": "sha512-LTCzKF0uf2ESjkLveZBU1pupD7OvUtPzqiNwZBL4zJjvFkpfE6gFMI1F5IzZY5WP1hua+VheCWCBvtQuXTZrTw=="
    }
  }
}
